
Microsoft Visual Studio Solution File, Format Version 12.00
# Visual Studio Version 16
VisualStudioVersion = 16.0.30804.86
MinimumVisualStudioVersion = 10.0.40219.1
Project("{9A19103F-16F7-4668-BE54-9A1E7A4F7556}") = "Dt.Core", "Dt.Core\Dt.Core.csproj", "{1CDE35EB-FA6F-421A-93F9-C12C4571358A}"
EndProject
Project("{9A19103F-16F7-4668-BE54-9A1E7A4F7556}") = "Dt.Base", "Dt.Base\Dt.Base.csproj", "{89625A35-C16E-433E-851D-2DD1EE55A960}"
EndProject
Project("{9A19103F-16F7-4668-BE54-9A1E7A4F7556}") = "Dt.Charts", "Dt.Charts\Dt.Charts.csproj", "{94D5BA39-3C6C-4488-8728-D757B0B1C82F}"
EndProject
Project("{2150E333-8FDC-42A3-9474-1A3956D46DE8}") = "App", "App", "{7CF1CA0A-6126-4EFE-844B-986032411D04}"
EndProject
Project("{FAE04EC0-301F-11D3-BF4B-00C04F79EFBC}") = "Dt.Shell.Uwp", "Dt.Shell.Uwp\Dt.Shell.Uwp.csproj", "{88CAE12F-3D0B-4F4F-82D9-32126F2CBAAA}"
EndProject
Project("{9A19103F-16F7-4668-BE54-9A1E7A4F7556}") = "Dt.Sample", "Dt.Sample\Dt.Sample.csproj", "{16BBBE37-66A5-4FA7-BB56-DAA6E83AEC99}"
EndProject
Project("{FAE04EC0-301F-11D3-BF4B-00C04F79EFBC}") = "Dt.Shell.Droid", "Dt.Shell.Droid\Dt.Shell.Droid.csproj", "{CD97CCD6-E470-48F3-A69F-C6E434AB7EEE}"
EndProject
Project("{FAE04EC0-301F-11D3-BF4B-00C04F79EFBC}") = "Dt.Shell.iOS", "Dt.Shell.iOS\Dt.Shell.iOS.csproj", "{80A96B52-6758-4BDB-B0B4-CEA4CA155FFF}"
EndProject
Project("{9A19103F-16F7-4668-BE54-9A1E7A4F7556}") = "Dt.Shell.Wasm", "Dt.Shell.Wasm\Dt.Shell.Wasm.csproj", "{1E5A1BAD-F481-48E1-AB58-5961A3BC69BF}"
EndProject
Global
	GlobalSection(SolutionConfigurationPlatforms) = preSolution
		Debug|Any CPU = Debug|Any CPU
		Debug|ARM = Debug|ARM
		Debug|iPhone = Debug|iPhone
		Debug|iPhoneSimulator = Debug|iPhoneSimulator
		Debug|x64 = Debug|x64
		Debug|x86 = Debug|x86
		Release|Any CPU = Release|Any CPU
		Release|ARM = Release|ARM
		Release|iPhone = Release|iPhone
		Release|iPhoneSimulator = Release|iPhoneSimulator
		Release|x64 = Release|x64
		Release|x86 = Release|x86
	EndGlobalSection
	GlobalSection(ProjectConfigurationPlatforms) = postSolution
		{1CDE35EB-FA6F-421A-93F9-C12C4571358A}.Debug|Any CPU.ActiveCfg = Debug|Any CPU
		{1CDE35EB-FA6F-421A-93F9-C12C4571358A}.Debug|Any CPU.Build.0 = Debug|Any CPU
		{1CDE35EB-FA6F-421A-93F9-C12C4571358A}.Debug|ARM.ActiveCfg = Debug|Any CPU
		{1CDE35EB-FA6F-421A-93F9-C12C4571358A}.Debug|ARM.Build.0 = Debug|Any CPU
		{1CDE35EB-FA6F-421A-93F9-C12C4571358A}.Debug|iPhone.ActiveCfg = Debug|Any CPU
		{1CDE35EB-FA6F-421A-93F9-C12C4571358A}.Debug|iPhone.Build.0 = Debug|Any CPU
		{1CDE35EB-FA6F-421A-93F9-C12C4571358A}.Debug|iPhoneSimulator.ActiveCfg = Debug|Any CPU
		{1CDE35EB-FA6F-421A-93F9-C12C4571358A}.Debug|iPhoneSimulator.Build.0 = Debug|Any CPU
		{1CDE35EB-FA6F-421A-93F9-C12C4571358A}.Debug|x64.ActiveCfg = Debug|Any CPU
		{1CDE35EB-FA6F-421A-93F9-C12C4571358A}.Debug|x64.Build.0 = Debug|Any CPU
		{1CDE35EB-FA6F-421A-93F9-C12C4571358A}.Debug|x86.ActiveCfg = Debug|Any CPU
		{1CDE35EB-FA6F-421A-93F9-C12C4571358A}.Debug|x86.Build.0 = Debug|Any CPU
		{1CDE35EB-FA6F-421A-93F9-C12C4571358A}.Release|Any CPU.ActiveCfg = Release|Any CPU
		{1CDE35EB-FA6F-421A-93F9-C12C4571358A}.Release|Any CPU.Build.0 = Release|Any CPU
		{1CDE35EB-FA6F-421A-93F9-C12C4571358A}.Release|ARM.ActiveCfg = Release|Any CPU
		{1CDE35EB-FA6F-421A-93F9-C12C4571358A}.Release|ARM.Build.0 = Release|Any CPU
		{1CDE35EB-FA6F-421A-93F9-C12C4571358A}.Release|iPhone.ActiveCfg = Release|Any CPU
		{1CDE35EB-FA6F-421A-93F9-C12C4571358A}.Release|iPhone.Build.0 = Release|Any CPU
		{1CDE35EB-FA6F-421A-93F9-C12C4571358A}.Release|iPhoneSimulator.ActiveCfg = Release|Any CPU
		{1CDE35EB-FA6F-421A-93F9-C12C4571358A}.Release|iPhoneSimulator.Build.0 = Release|Any CPU
		{1CDE35EB-FA6F-421A-93F9-C12C4571358A}.Release|x64.ActiveCfg = Release|Any CPU
		{1CDE35EB-FA6F-421A-93F9-C12C4571358A}.Release|x64.Build.0 = Release|Any CPU
		{1CDE35EB-FA6F-421A-93F9-C12C4571358A}.Release|x86.ActiveCfg = Release|Any CPU
		{1CDE35EB-FA6F-421A-93F9-C12C4571358A}.Release|x86.Build.0 = Release|Any CPU
		{89625A35-C16E-433E-851D-2DD1EE55A960}.Debug|Any CPU.ActiveCfg = Debug|Any CPU
		{89625A35-C16E-433E-851D-2DD1EE55A960}.Debug|Any CPU.Build.0 = Debug|Any CPU
		{89625A35-C16E-433E-851D-2DD1EE55A960}.Debug|ARM.ActiveCfg = Debug|Any CPU
		{89625A35-C16E-433E-851D-2DD1EE55A960}.Debug|ARM.Build.0 = Debug|Any CPU
		{89625A35-C16E-433E-851D-2DD1EE55A960}.Debug|iPhone.ActiveCfg = Debug|Any CPU
		{89625A35-C16E-433E-851D-2DD1EE55A960}.Debug|iPhone.Build.0 = Debug|Any CPU
		{89625A35-C16E-433E-851D-2DD1EE55A960}.Debug|iPhoneSimulator.ActiveCfg = Debug|Any CPU
		{89625A35-C16E-433E-851D-2DD1EE55A960}.Debug|iPhoneSimulator.Build.0 = Debug|Any CPU
		{89625A35-C16E-433E-851D-2DD1EE55A960}.Debug|x64.ActiveCfg = Debug|Any CPU
		{89625A35-C16E-433E-851D-2DD1EE55A960}.Debug|x64.Build.0 = Debug|Any CPU
		{89625A35-C16E-433E-851D-2DD1EE55A960}.Debug|x86.ActiveCfg = Debug|Any CPU
		{89625A35-C16E-433E-851D-2DD1EE55A960}.Debug|x86.Build.0 = Debug|Any CPU
		{89625A35-C16E-433E-851D-2DD1EE55A960}.Release|Any CPU.ActiveCfg = Release|Any CPU
		{89625A35-C16E-433E-851D-2DD1EE55A960}.Release|Any CPU.Build.0 = Release|Any CPU
		{89625A35-C16E-433E-851D-2DD1EE55A960}.Release|ARM.ActiveCfg = Release|Any CPU
		{89625A35-C16E-433E-851D-2DD1EE55A960}.Release|ARM.Build.0 = Release|Any CPU
		{89625A35-C16E-433E-851D-2DD1EE55A960}.Release|iPhone.ActiveCfg = Release|Any CPU
		{89625A35-C16E-433E-851D-2DD1EE55A960}.Release|iPhone.Build.0 = Release|Any CPU
		{89625A35-C16E-433E-851D-2DD1EE55A960}.Release|iPhoneSimulator.ActiveCfg = Release|Any CPU
		{89625A35-C16E-433E-851D-2DD1EE55A960}.Release|iPhoneSimulator.Build.0 = Release|Any CPU
		{89625A35-C16E-433E-851D-2DD1EE55A960}.Release|x64.ActiveCfg = Release|Any CPU
		{89625A35-C16E-433E-851D-2DD1EE55A960}.Release|x64.Build.0 = Release|Any CPU
		{89625A35-C16E-433E-851D-2DD1EE55A960}.Release|x86.ActiveCfg = Release|Any CPU
		{89625A35-C16E-433E-851D-2DD1EE55A960}.Release|x86.Build.0 = Release|Any CPU
		{94D5BA39-3C6C-4488-8728-D757B0B1C82F}.Debug|Any CPU.ActiveCfg = Debug|Any CPU
		{94D5BA39-3C6C-4488-8728-D757B0B1C82F}.Debug|Any CPU.Build.0 = Debug|Any CPU
		{94D5BA39-3C6C-4488-8728-D757B0B1C82F}.Debug|ARM.ActiveCfg = Debug|Any CPU
		{94D5BA39-3C6C-4488-8728-D757B0B1C82F}.Debug|ARM.Build.0 = Debug|Any CPU
		{94D5BA39-3C6C-4488-8728-D757B0B1C82F}.Debug|iPhone.ActiveCfg = Debug|Any CPU
		{94D5BA39-3C6C-4488-8728-D757B0B1C82F}.Debug|iPhone.Build.0 = Debug|Any CPU
		{94D5BA39-3C6C-4488-8728-D757B0B1C82F}.Debug|iPhoneSimulator.ActiveCfg = Debug|Any CPU
		{94D5BA39-3C6C-4488-8728-D757B0B1C82F}.Debug|iPhoneSimulator.Build.0 = Debug|Any CPU
		{94D5BA39-3C6C-4488-8728-D757B0B1C82F}.Debug|x64.ActiveCfg = Debug|Any CPU
		{94D5BA39-3C6C-4488-8728-D757B0B1C82F}.Debug|x64.Build.0 = Debug|Any CPU
		{94D5BA39-3C6C-4488-8728-D757B0B1C82F}.Debug|x86.ActiveCfg = Debug|Any CPU
		{94D5BA39-3C6C-4488-8728-D757B0B1C82F}.Debug|x86.Build.0 = Debug|Any CPU
		{94D5BA39-3C6C-4488-8728-D757B0B1C82F}.Release|Any CPU.ActiveCfg = Release|Any CPU
		{94D5BA39-3C6C-4488-8728-D757B0B1C82F}.Release|Any CPU.Build.0 = Release|Any CPU
		{94D5BA39-3C6C-4488-8728-D757B0B1C82F}.Release|ARM.ActiveCfg = Release|Any CPU
		{94D5BA39-3C6C-4488-8728-D757B0B1C82F}.Release|ARM.Build.0 = Release|Any CPU
		{94D5BA39-3C6C-4488-8728-D757B0B1C82F}.Release|iPhone.ActiveCfg = Release|Any CPU
		{94D5BA39-3C6C-4488-8728-D757B0B1C82F}.Release|iPhone.Build.0 = Release|Any CPU
		{94D5BA39-3C6C-4488-8728-D757B0B1C82F}.Release|iPhoneSimulator.ActiveCfg = Release|Any CPU
		{94D5BA39-3C6C-4488-8728-D757B0B1C82F}.Release|iPhoneSimulator.Build.0 = Release|Any CPU
		{94D5BA39-3C6C-4488-8728-D757B0B1C82F}.Release|x64.ActiveCfg = Release|Any CPU
		{94D5BA39-3C6C-4488-8728-D757B0B1C82F}.Release|x64.Build.0 = Release|Any CPU
		{94D5BA39-3C6C-4488-8728-D757B0B1C82F}.Release|x86.ActiveCfg = Release|Any CPU
		{94D5BA39-3C6C-4488-8728-D757B0B1C82F}.Release|x86.Build.0 = Release|Any CPU
		{88CAE12F-3D0B-4F4F-82D9-32126F2CBAAA}.Debug|Any CPU.ActiveCfg = Debug|x86
		{88CAE12F-3D0B-4F4F-82D9-32126F2CBAAA}.Debug|Any CPU.Build.0 = Debug|x86
		{88CAE12F-3D0B-4F4F-82D9-32126F2CBAAA}.Debug|Any CPU.Deploy.0 = Debug|x86
		{88CAE12F-3D0B-4F4F-82D9-32126F2CBAAA}.Debug|ARM.ActiveCfg = Debug|ARM
		{88CAE12F-3D0B-4F4F-82D9-32126F2CBAAA}.Debug|ARM.Build.0 = Debug|ARM
		{88CAE12F-3D0B-4F4F-82D9-32126F2CBAAA}.Debug|ARM.Deploy.0 = Debug|ARM
		{88CAE12F-3D0B-4F4F-82D9-32126F2CBAAA}.Debug|iPhone.ActiveCfg = Debug|x86
		{88CAE12F-3D0B-4F4F-82D9-32126F2CBAAA}.Debug|iPhoneSimulator.ActiveCfg = Debug|x86
		{88CAE12F-3D0B-4F4F-82D9-32126F2CBAAA}.Debug|x64.ActiveCfg = Debug|x64
		{88CAE12F-3D0B-4F4F-82D9-32126F2CBAAA}.Debug|x64.Build.0 = Debug|x64
		{88CAE12F-3D0B-4F4F-82D9-32126F2CBAAA}.Debug|x64.Deploy.0 = Debug|x64
		{88CAE12F-3D0B-4F4F-82D9-32126F2CBAAA}.Debug|x86.ActiveCfg = Debug|x86
		{88CAE12F-3D0B-4F4F-82D9-32126F2CBAAA}.Debug|x86.Build.0 = Debug|x86
		{88CAE12F-3D0B-4F4F-82D9-32126F2CBAAA}.Debug|x86.Deploy.0 = Debug|x86
		{88CAE12F-3D0B-4F4F-82D9-32126F2CBAAA}.Release|Any CPU.ActiveCfg = Release|x86
		{88CAE12F-3D0B-4F4F-82D9-32126F2CBAAA}.Release|ARM.ActiveCfg = Release|ARM
		{88CAE12F-3D0B-4F4F-82D9-32126F2CBAAA}.Release|ARM.Build.0 = Release|ARM
		{88CAE12F-3D0B-4F4F-82D9-32126F2CBAAA}.Release|ARM.Deploy.0 = Release|ARM
		{88CAE12F-3D0B-4F4F-82D9-32126F2CBAAA}.Release|iPhone.ActiveCfg = Release|x86
		{88CAE12F-3D0B-4F4F-82D9-32126F2CBAAA}.Release|iPhoneSimulator.ActiveCfg = Release|x86
		{88CAE12F-3D0B-4F4F-82D9-32126F2CBAAA}.Release|x64.ActiveCfg = Release|x64
		{88CAE12F-3D0B-4F4F-82D9-32126F2CBAAA}.Release|x64.Build.0 = Release|x64
		{88CAE12F-3D0B-4F4F-82D9-32126F2CBAAA}.Release|x64.Deploy.0 = Release|x64
		{88CAE12F-3D0B-4F4F-82D9-32126F2CBAAA}.Release|x86.ActiveCfg = Release|x86
		{88CAE12F-3D0B-4F4F-82D9-32126F2CBAAA}.Release|x86.Build.0 = Release|x86
		{88CAE12F-3D0B-4F4F-82D9-32126F2CBAAA}.Release|x86.Deploy.0 = Release|x86
		{16BBBE37-66A5-4FA7-BB56-DAA6E83AEC99}.Debug|Any CPU.ActiveCfg = Debug|Any CPU
		{16BBBE37-66A5-4FA7-BB56-DAA6E83AEC99}.Debug|Any CPU.Build.0 = Debug|Any CPU
		{16BBBE37-66A5-4FA7-BB56-DAA6E83AEC99}.Debug|ARM.ActiveCfg = Debug|Any CPU
		{16BBBE37-66A5-4FA7-BB56-DAA6E83AEC99}.Debug|ARM.Build.0 = Debug|Any CPU
		{16BBBE37-66A5-4FA7-BB56-DAA6E83AEC99}.Debug|iPhone.ActiveCfg = Debug|Any CPU
		{16BBBE37-66A5-4FA7-BB56-DAA6E83AEC99}.Debug|iPhone.Build.0 = Debug|Any CPU
		{16BBBE37-66A5-4FA7-BB56-DAA6E83AEC99}.Debug|iPhoneSimulator.ActiveCfg = Debug|Any CPU
		{16BBBE37-66A5-4FA7-BB56-DAA6E83AEC99}.Debug|iPhoneSimulator.Build.0 = Debug|Any CPU
		{16BBBE37-66A5-4FA7-BB56-DAA6E83AEC99}.Debug|x64.ActiveCfg = Debug|Any CPU
		{16BBBE37-66A5-4FA7-BB56-DAA6E83AEC99}.Debug|x64.Build.0 = Debug|Any CPU
		{16BBBE37-66A5-4FA7-BB56-DAA6E83AEC99}.Debug|x86.ActiveCfg = Debug|Any CPU
		{16BBBE37-66A5-4FA7-BB56-DAA6E83AEC99}.Debug|x86.Build.0 = Debug|Any CPU
		{16BBBE37-66A5-4FA7-BB56-DAA6E83AEC99}.Release|Any CPU.ActiveCfg = Release|Any CPU
		{16BBBE37-66A5-4FA7-BB56-DAA6E83AEC99}.Release|Any CPU.Build.0 = Release|Any CPU
		{16BBBE37-66A5-4FA7-BB56-DAA6E83AEC99}.Release|ARM.ActiveCfg = Release|Any CPU
		{16BBBE37-66A5-4FA7-BB56-DAA6E83AEC99}.Release|ARM.Build.0 = Release|Any CPU
		{16BBBE37-66A5-4FA7-BB56-DAA6E83AEC99}.Release|iPhone.ActiveCfg = Release|Any CPU
		{16BBBE37-66A5-4FA7-BB56-DAA6E83AEC99}.Release|iPhone.Build.0 = Release|Any CPU
		{16BBBE37-66A5-4FA7-BB56-DAA6E83AEC99}.Release|iPhoneSimulator.ActiveCfg = Release|Any CPU
		{16BBBE37-66A5-4FA7-BB56-DAA6E83AEC99}.Release|iPhoneSimulator.Build.0 = Release|Any CPU
		{16BBBE37-66A5-4FA7-BB56-DAA6E83AEC99}.Release|x64.ActiveCfg = Release|Any CPU
		{16BBBE37-66A5-4FA7-BB56-DAA6E83AEC99}.Release|x64.Build.0 = Release|Any CPU
		{16BBBE37-66A5-4FA7-BB56-DAA6E83AEC99}.Release|x86.ActiveCfg = Release|Any CPU
		{16BBBE37-66A5-4FA7-BB56-DAA6E83AEC99}.Release|x86.Build.0 = Release|Any CPU
		{CD97CCD6-E470-48F3-A69F-C6E434AB7EEE}.Debug|Any CPU.ActiveCfg = Debug|Any CPU
		{CD97CCD6-E470-48F3-A69F-C6E434AB7EEE}.Debug|Any CPU.Build.0 = Debug|Any CPU
		{CD97CCD6-E470-48F3-A69F-C6E434AB7EEE}.Debug|Any CPU.Deploy.0 = Debug|Any CPU
		{CD97CCD6-E470-48F3-A69F-C6E434AB7EEE}.Debug|ARM.ActiveCfg = Debug|Any CPU
		{CD97CCD6-E470-48F3-A69F-C6E434AB7EEE}.Debug|ARM.Build.0 = Debug|Any CPU
		{CD97CCD6-E470-48F3-A69F-C6E434AB7EEE}.Debug|ARM.Deploy.0 = Debug|Any CPU
		{CD97CCD6-E470-48F3-A69F-C6E434AB7EEE}.Debug|iPhone.ActiveCfg = Debug|Any CPU
		{CD97CCD6-E470-48F3-A69F-C6E434AB7EEE}.Debug|iPhone.Build.0 = Debug|Any CPU
		{CD97CCD6-E470-48F3-A69F-C6E434AB7EEE}.Debug|iPhone.Deploy.0 = Debug|Any CPU
		{CD97CCD6-E470-48F3-A69F-C6E434AB7EEE}.Debug|iPhoneSimulator.ActiveCfg = Debug|Any CPU
		{CD97CCD6-E470-48F3-A69F-C6E434AB7EEE}.Debug|iPhoneSimulator.Build.0 = Debug|Any CPU
		{CD97CCD6-E470-48F3-A69F-C6E434AB7EEE}.Debug|iPhoneSimulator.Deploy.0 = Debug|Any CPU
		{CD97CCD6-E470-48F3-A69F-C6E434AB7EEE}.Debug|x64.ActiveCfg = Debug|Any CPU
		{CD97CCD6-E470-48F3-A69F-C6E434AB7EEE}.Debug|x64.Build.0 = Debug|Any CPU
		{CD97CCD6-E470-48F3-A69F-C6E434AB7EEE}.Debug|x64.Deploy.0 = Debug|Any CPU
		{CD97CCD6-E470-48F3-A69F-C6E434AB7EEE}.Debug|x86.ActiveCfg = Debug|Any CPU
		{CD97CCD6-E470-48F3-A69F-C6E434AB7EEE}.Debug|x86.Build.0 = Debug|Any CPU
		{CD97CCD6-E470-48F3-A69F-C6E434AB7EEE}.Debug|x86.Deploy.0 = Debug|Any CPU
		{CD97CCD6-E470-48F3-A69F-C6E434AB7EEE}.Release|Any CPU.ActiveCfg = Release|Any CPU
		{CD97CCD6-E470-48F3-A69F-C6E434AB7EEE}.Release|Any CPU.Build.0 = Release|Any CPU
		{CD97CCD6-E470-48F3-A69F-C6E434AB7EEE}.Release|Any CPU.Deploy.0 = Release|Any CPU
		{CD97CCD6-E470-48F3-A69F-C6E434AB7EEE}.Release|ARM.ActiveCfg = Release|Any CPU
		{CD97CCD6-E470-48F3-A69F-C6E434AB7EEE}.Release|ARM.Build.0 = Release|Any CPU
		{CD97CCD6-E470-48F3-A69F-C6E434AB7EEE}.Release|ARM.Deploy.0 = Release|Any CPU
		{CD97CCD6-E470-48F3-A69F-C6E434AB7EEE}.Release|iPhone.ActiveCfg = Release|Any CPU
		{CD97CCD6-E470-48F3-A69F-C6E434AB7EEE}.Release|iPhone.Build.0 = Release|Any CPU
		{CD97CCD6-E470-48F3-A69F-C6E434AB7EEE}.Release|iPhone.Deploy.0 = Release|Any CPU
		{CD97CCD6-E470-48F3-A69F-C6E434AB7EEE}.Release|iPhoneSimulator.ActiveCfg = Release|Any CPU
		{CD97CCD6-E470-48F3-A69F-C6E434AB7EEE}.Release|iPhoneSimulator.Build.0 = Release|Any CPU
		{CD97CCD6-E470-48F3-A69F-C6E434AB7EEE}.Release|iPhoneSimulator.Deploy.0 = Release|Any CPU
		{CD97CCD6-E470-48F3-A69F-C6E434AB7EEE}.Release|x64.ActiveCfg = Release|Any CPU
		{CD97CCD6-E470-48F3-A69F-C6E434AB7EEE}.Release|x64.Build.0 = Release|Any CPU
		{CD97CCD6-E470-48F3-A69F-C6E434AB7EEE}.Release|x64.Deploy.0 = Release|Any CPU
		{CD97CCD6-E470-48F3-A69F-C6E434AB7EEE}.Release|x86.ActiveCfg = Release|Any CPU
		{CD97CCD6-E470-48F3-A69F-C6E434AB7EEE}.Release|x86.Build.0 = Release|Any CPU
		{CD97CCD6-E470-48F3-A69F-C6E434AB7EEE}.Release|x86.Deploy.0 = Release|Any CPU
		{80A96B52-6758-4BDB-B0B4-CEA4CA155FFF}.Debug|Any CPU.ActiveCfg = Debug|iPhoneSimulator
		{80A96B52-6758-4BDB-B0B4-CEA4CA155FFF}.Debug|ARM.ActiveCfg = Debug|iPhoneSimulator
		{80A96B52-6758-4BDB-B0B4-CEA4CA155FFF}.Debug|iPhone.ActiveCfg = Debug|iPhone
		{80A96B52-6758-4BDB-B0B4-CEA4CA155FFF}.Debug|iPhone.Build.0 = Debug|iPhone
		{80A96B52-6758-4BDB-B0B4-CEA4CA155FFF}.Debug|iPhoneSimulator.ActiveCfg = Debug|iPhoneSimulator
		{80A96B52-6758-4BDB-B0B4-CEA4CA155FFF}.Debug|iPhoneSimulator.Build.0 = Debug|iPhoneSimulator
		{80A96B52-6758-4BDB-B0B4-CEA4CA155FFF}.Debug|x64.ActiveCfg = Debug|iPhoneSimulator
		{80A96B52-6758-4BDB-B0B4-CEA4CA155FFF}.Debug|x86.ActiveCfg = Debug|iPhoneSimulator
		{80A96B52-6758-4BDB-B0B4-CEA4CA155FFF}.Release|Any CPU.ActiveCfg = Release|iPhoneSimulator
		{80A96B52-6758-4BDB-B0B4-CEA4CA155FFF}.Release|ARM.ActiveCfg = Release|iPhoneSimulator
		{80A96B52-6758-4BDB-B0B4-CEA4CA155FFF}.Release|iPhone.ActiveCfg = Release|iPhone
		{80A96B52-6758-4BDB-B0B4-CEA4CA155FFF}.Release|iPhone.Build.0 = Release|iPhone
		{80A96B52-6758-4BDB-B0B4-CEA4CA155FFF}.Release|iPhoneSimulator.ActiveCfg = Release|iPhoneSimulator
		{80A96B52-6758-4BDB-B0B4-CEA4CA155FFF}.Release|iPhoneSimulator.Build.0 = Release|iPhoneSimulator
		{80A96B52-6758-4BDB-B0B4-CEA4CA155FFF}.Release|x64.ActiveCfg = Release|iPhoneSimulator
		{80A96B52-6758-4BDB-B0B4-CEA4CA155FFF}.Release|x86.ActiveCfg = Release|iPhoneSimulator
		{1E5A1BAD-F481-48E1-AB58-5961A3BC69BF}.Debug|Any CPU.ActiveCfg = Debug|Any CPU
		{1E5A1BAD-F481-48E1-AB58-5961A3BC69BF}.Debug|Any CPU.Build.0 = Debug|Any CPU
		{1E5A1BAD-F481-48E1-AB58-5961A3BC69BF}.Debug|ARM.ActiveCfg = Debug|Any CPU
		{1E5A1BAD-F481-48E1-AB58-5961A3BC69BF}.Debug|ARM.Build.0 = Debug|Any CPU
		{1E5A1BAD-F481-48E1-AB58-5961A3BC69BF}.Debug|iPhone.ActiveCfg = Debug|Any CPU
		{1E5A1BAD-F481-48E1-AB58-5961A3BC69BF}.Debug|iPhone.Build.0 = Debug|Any CPU
		{1E5A1BAD-F481-48E1-AB58-5961A3BC69BF}.Debug|iPhoneSimulator.ActiveCfg = Debug|Any CPU
		{1E5A1BAD-F481-48E1-AB58-5961A3BC69BF}.Debug|iPhoneSimulator.Build.0 = Debug|Any CPU
		{1E5A1BAD-F481-48E1-AB58-5961A3BC69BF}.Debug|x64.ActiveCfg = Debug|Any CPU
		{1E5A1BAD-F481-48E1-AB58-5961A3BC69BF}.Debug|x64.Build.0 = Debug|Any CPU
		{1E5A1BAD-F481-48E1-AB58-5961A3BC69BF}.Debug|x86.ActiveCfg = Debug|Any CPU
		{1E5A1BAD-F481-48E1-AB58-5961A3BC69BF}.Debug|x86.Build.0 = Debug|Any CPU
		{1E5A1BAD-F481-48E1-AB58-5961A3BC69BF}.Release|Any CPU.ActiveCfg = Release|Any CPU
		{1E5A1BAD-F481-48E1-AB58-5961A3BC69BF}.Release|Any CPU.Build.0 = Release|Any CPU
		{1E5A1BAD-F481-48E1-AB58-5961A3BC69BF}.Release|ARM.ActiveCfg = Release|Any CPU
		{1E5A1BAD-F481-48E1-AB58-5961A3BC69BF}.Release|ARM.Build.0 = Release|Any CPU
		{1E5A1BAD-F481-48E1-AB58-5961A3BC69BF}.Release|iPhone.ActiveCfg = Release|Any CPU
		{1E5A1BAD-F481-48E1-AB58-5961A3BC69BF}.Release|iPhone.Build.0 = Release|Any CPU
		{1E5A1BAD-F481-48E1-AB58-5961A3BC69BF}.Release|iPhoneSimulator.ActiveCfg = Release|Any CPU
		{1E5A1BAD-F481-48E1-AB58-5961A3BC69BF}.Release|iPhoneSimulator.Build.0 = Release|Any CPU
		{1E5A1BAD-F481-48E1-AB58-5961A3BC69BF}.Release|x64.ActiveCfg = Release|Any CPU
		{1E5A1BAD-F481-48E1-AB58-5961A3BC69BF}.Release|x64.Build.0 = Release|Any CPU
		{1E5A1BAD-F481-48E1-AB58-5961A3BC69BF}.Release|x86.ActiveCfg = Release|Any CPU
		{1E5A1BAD-F481-48E1-AB58-5961A3BC69BF}.Release|x86.Build.0 = Release|Any CPU
	EndGlobalSection
	GlobalSection(SolutionProperties) = preSolution
		HideSolutionNode = FALSE
	EndGlobalSection
	GlobalSection(NestedProjects) = preSolution
		{88CAE12F-3D0B-4F4F-82D9-32126F2CBAAA} = {7CF1CA0A-6126-4EFE-844B-986032411D04}
		{CD97CCD6-E470-48F3-A69F-C6E434AB7EEE} = {7CF1CA0A-6126-4EFE-844B-986032411D04}
		{80A96B52-6758-4BDB-B0B4-CEA4CA155FFF} = {7CF1CA0A-6126-4EFE-844B-986032411D04}
		{1E5A1BAD-F481-48E1-AB58-5961A3BC69BF} = {7CF1CA0A-6126-4EFE-844B-986032411D04}
	EndGlobalSection
	GlobalSection(ExtensibilityGlobals) = postSolution
		SolutionGuid = {89411E4A-80E6-48A1-AA96-6918F0CFFDFD}
	EndGlobalSection
EndGlobal
